
Microsoft Visual Studio Solution File, Format Version 12.00
# Visual Studio Version 17
VisualStudioVersion = 17.6.33829.357
MinimumVisualStudioVersion = 10.0.40219.1
Project("{FAE04EC0-301F-11D3-BF4B-00C04F79EFBC}") = "Account Registration", "Account Registration.csproj", "{4CD93DC2-D21C-4E34-9A8F-81C939ECE4A5}"
EndProject
Global
	GlobalSection(SolutionConfigurationPlatforms) = preSolution
		Debug|Any CPU = Debug|Any CPU
		Release|Any CPU = Release|Any CPU
	EndGlobalSection
	GlobalSection(ProjectConfigurationPlatforms) = postSolution
		{4CD93DC2-D21C-4E34-9A8F-81C939ECE4A5}.Debug|Any CPU.ActiveCfg = Debug|Any CPU
		{4CD93DC2-D21C-4E34-9A8F-81C939ECE4A5}.Debug|Any CPU.Build.0 = Debug|Any CPU
		{4CD93DC2-D21C-4E34-9A8F-81C939ECE4A5}.Release|Any CPU.ActiveCfg = Release|Any CPU
		{4CD93DC2-D21C-4E34-9A8F-81C939ECE4A5}.Release|Any CPU.Build.0 = Release|Any CPU
	EndGlobalSection
	GlobalSection(SolutionProperties) = preSolution
		HideSolutionNode = FALSE
	EndGlobalSection
	GlobalSection(ExtensibilityGlobals) = postSolution
		SolutionGuid = {1C61A966-1963-4FF2-B22D-F762DFE1D390}
	EndGlobalSection
EndGlobal
